
Microsoft Visual Studio Solution File, Format Version 12.00
# Visual Studio Version 17
VisualStudioVersion = 17.12.35707.178
MinimumVisualStudioVersion = 10.0.40219.1
Project("{2150E333-8FDC-42A3-9474-1A3956D46DE8}") = "Microservices", "Microservices", "{35BF0FF2-76A8-4466-96A4-4284BA90DD24}"
EndProject
Project("{2150E333-8FDC-42A3-9474-1A3956D46DE8}") = "ApiGateway", "ApiGateway", "{BEACC01A-70E1-40E7-BCF6-E5B60598C2AA}"
EndProject
Project("{FAE04EC0-301F-11D3-BF4B-00C04F79EFBC}") = "JwtAuthenticationManager", "JwtAuthenticationManager\JwtAuthenticationManager.csproj", "{C1CA85B2-5B9E-4B6E-8ECC-4118C2A4DA1A}"
EndProject
Project("{FAE04EC0-301F-11D3-BF4B-00C04F79EFBC}") = "AuthenticationWebApi", "AuthenticationWebApi\AuthenticationWebApi.csproj", "{42FADDA9-BAA4-46FB-88E7-8EF7B018470B}"
EndProject
Project("{E53339B2-1760-4266-BCC7-CA923CBCF16C}") = "docker-compose", "docker-compose.dcproj", "{4F07DA83-DA9C-47A4-A95E-F4A845ED1F99}"
EndProject
Project("{2150E333-8FDC-42A3-9474-1A3956D46DE8}") = "Common", "Common", "{D42F6644-EE04-4AEA-8C66-8B585652C65E}"
EndProject
Project("{FAE04EC0-301F-11D3-BF4B-00C04F79EFBC}") = "Core", "Common\Core.csproj", "{B8F1821A-F67F-492E-B104-5100A26707A2}"
EndProject
Project("{FAE04EC0-301F-11D3-BF4B-00C04F79EFBC}") = "Infrastructure", "Infrastructure\Infrastructure.csproj", "{3AE40F8A-79C4-40A1-8E90-666CBDE8F81F}"
EndProject
Project("{FAE04EC0-301F-11D3-BF4B-00C04F79EFBC}") = "ApiGateway", "ApiGateway\ApiGateway.csproj", "{7E04627F-87C8-481D-8C55-7774583D7D0A}"
EndProject
Global
	GlobalSection(SolutionConfigurationPlatforms) = preSolution
		Debug|Any CPU = Debug|Any CPU
		Release|Any CPU = Release|Any CPU
	EndGlobalSection
	GlobalSection(ProjectConfigurationPlatforms) = postSolution
		{C1CA85B2-5B9E-4B6E-8ECC-4118C2A4DA1A}.Debug|Any CPU.ActiveCfg = Debug|Any CPU
		{C1CA85B2-5B9E-4B6E-8ECC-4118C2A4DA1A}.Debug|Any CPU.Build.0 = Debug|Any CPU
		{C1CA85B2-5B9E-4B6E-8ECC-4118C2A4DA1A}.Release|Any CPU.ActiveCfg = Release|Any CPU
		{C1CA85B2-5B9E-4B6E-8ECC-4118C2A4DA1A}.Release|Any CPU.Build.0 = Release|Any CPU
		{42FADDA9-BAA4-46FB-88E7-8EF7B018470B}.Debug|Any CPU.ActiveCfg = Debug|Any CPU
		{42FADDA9-BAA4-46FB-88E7-8EF7B018470B}.Debug|Any CPU.Build.0 = Debug|Any CPU
		{42FADDA9-BAA4-46FB-88E7-8EF7B018470B}.Release|Any CPU.ActiveCfg = Release|Any CPU
		{42FADDA9-BAA4-46FB-88E7-8EF7B018470B}.Release|Any CPU.Build.0 = Release|Any CPU
		{4F07DA83-DA9C-47A4-A95E-F4A845ED1F99}.Debug|Any CPU.ActiveCfg = Debug|Any CPU
		{4F07DA83-DA9C-47A4-A95E-F4A845ED1F99}.Debug|Any CPU.Build.0 = Debug|Any CPU
		{4F07DA83-DA9C-47A4-A95E-F4A845ED1F99}.Release|Any CPU.ActiveCfg = Release|Any CPU
		{4F07DA83-DA9C-47A4-A95E-F4A845ED1F99}.Release|Any CPU.Build.0 = Release|Any CPU
		{B8F1821A-F67F-492E-B104-5100A26707A2}.Debug|Any CPU.ActiveCfg = Debug|Any CPU
		{B8F1821A-F67F-492E-B104-5100A26707A2}.Debug|Any CPU.Build.0 = Debug|Any CPU
		{B8F1821A-F67F-492E-B104-5100A26707A2}.Release|Any CPU.ActiveCfg = Release|Any CPU
		{B8F1821A-F67F-492E-B104-5100A26707A2}.Release|Any CPU.Build.0 = Release|Any CPU
		{3AE40F8A-79C4-40A1-8E90-666CBDE8F81F}.Debug|Any CPU.ActiveCfg = Debug|Any CPU
		{3AE40F8A-79C4-40A1-8E90-666CBDE8F81F}.Debug|Any CPU.Build.0 = Debug|Any CPU
		{3AE40F8A-79C4-40A1-8E90-666CBDE8F81F}.Release|Any CPU.ActiveCfg = Release|Any CPU
		{3AE40F8A-79C4-40A1-8E90-666CBDE8F81F}.Release|Any CPU.Build.0 = Release|Any CPU
		{7E04627F-87C8-481D-8C55-7774583D7D0A}.Debug|Any CPU.ActiveCfg = Debug|Any CPU
		{7E04627F-87C8-481D-8C55-7774583D7D0A}.Debug|Any CPU.Build.0 = Debug|Any CPU
		{7E04627F-87C8-481D-8C55-7774583D7D0A}.Release|Any CPU.ActiveCfg = Release|Any CPU
		{7E04627F-87C8-481D-8C55-7774583D7D0A}.Release|Any CPU.Build.0 = Release|Any CPU
	EndGlobalSection
	GlobalSection(SolutionProperties) = preSolution
		HideSolutionNode = FALSE
	EndGlobalSection
	GlobalSection(NestedProjects) = preSolution
		{B8F1821A-F67F-492E-B104-5100A26707A2} = {D42F6644-EE04-4AEA-8C66-8B585652C65E}
		{3AE40F8A-79C4-40A1-8E90-666CBDE8F81F} = {D42F6644-EE04-4AEA-8C66-8B585652C65E}
		{7E04627F-87C8-481D-8C55-7774583D7D0A} = {BEACC01A-70E1-40E7-BCF6-E5B60598C2AA}
	EndGlobalSection
EndGlobal
